
Microsoft Visual Studio Solution File, Format Version 12.00
# Visual Studio Version 17
VisualStudioVersion = 17.0.31903.59
MinimumVisualStudioVersion = 10.0.40219.1
Project("{FAE04EC0-301F-11D3-BF4B-00C04F79EFBC}") = "Classlib1", "Classlib1\Classlib1.csproj", "{C3AD5898-057B-49FF-8805-2290C4123817}"
EndProject
Project("{FAE04EC0-301F-11D3-BF4B-00C04F79EFBC}") = "Classlib2", "Classlib2\Classlib2.csproj", "{F188C564-F877-4566-9454-F8D3059E0A41}"
EndProject
Project("{FAE04EC0-301F-11D3-BF4B-00C04F79EFBC}") = "Classlib3", "Classlib3\Classlib3.csproj", "{AACDB38A-37C5-412D-B672-907EF2EE7CD8}"
EndProject
Global
	GlobalSection(SolutionConfigurationPlatforms) = preSolution
		Debug|Any CPU = Debug|Any CPU
		Release|Any CPU = Release|Any CPU
	EndGlobalSection
	GlobalSection(SolutionProperties) = preSolution
		HideSolutionNode = FALSE
	EndGlobalSection
	GlobalSection(ProjectConfigurationPlatforms) = postSolution
		{C3AD5898-057B-49FF-8805-2290C4123817}.Debug|Any CPU.ActiveCfg = Debug|Any CPU
		{C3AD5898-057B-49FF-8805-2290C4123817}.Debug|Any CPU.Build.0 = Debug|Any CPU
		{C3AD5898-057B-49FF-8805-2290C4123817}.Release|Any CPU.ActiveCfg = Release|Any CPU
		{C3AD5898-057B-49FF-8805-2290C4123817}.Release|Any CPU.Build.0 = Release|Any CPU
		{F188C564-F877-4566-9454-F8D3059E0A41}.Debug|Any CPU.ActiveCfg = Debug|Any CPU
		{F188C564-F877-4566-9454-F8D3059E0A41}.Debug|Any CPU.Build.0 = Debug|Any CPU
		{F188C564-F877-4566-9454-F8D3059E0A41}.Release|Any CPU.ActiveCfg = Release|Any CPU
		{F188C564-F877-4566-9454-F8D3059E0A41}.Release|Any CPU.Build.0 = Release|Any CPU
		{AACDB38A-37C5-412D-B672-907EF2EE7CD8}.Debug|Any CPU.ActiveCfg = Debug|Any CPU
		{AACDB38A-37C5-412D-B672-907EF2EE7CD8}.Debug|Any CPU.Build.0 = Debug|Any CPU
		{AACDB38A-37C5-412D-B672-907EF2EE7CD8}.Release|Any CPU.ActiveCfg = Release|Any CPU
		{AACDB38A-37C5-412D-B672-907EF2EE7CD8}.Release|Any CPU.Build.0 = Release|Any CPU
	EndGlobalSection
EndGlobal
