
Microsoft Visual Studio Solution File, Format Version 12.00
# Visual Studio Version 17
VisualStudioVersion = 17.6.33422.473
MinimumVisualStudioVersion = 10.0.40219.1
Project("{9A19103F-16F7-4668-BE54-9A1E7A4F7556}") = "tortillachip", "tortillachip.csproj", "{4153E4BE-C1FC-48B2-BF48-20B3D71EDA0F}"
EndProject
Global
	GlobalSection(SolutionConfigurationPlatforms) = preSolution
		Debug|Any CPU = Debug|Any CPU
		Release|Any CPU = Release|Any CPU
	EndGlobalSection
	GlobalSection(ProjectConfigurationPlatforms) = postSolution
		{4153E4BE-C1FC-48B2-BF48-20B3D71EDA0F}.Debug|Any CPU.ActiveCfg = Debug|Any CPU
		{4153E4BE-C1FC-48B2-BF48-20B3D71EDA0F}.Debug|Any CPU.Build.0 = Debug|Any CPU
		{4153E4BE-C1FC-48B2-BF48-20B3D71EDA0F}.Release|Any CPU.ActiveCfg = Release|Any CPU
		{4153E4BE-C1FC-48B2-BF48-20B3D71EDA0F}.Release|Any CPU.Build.0 = Release|Any CPU
	EndGlobalSection
	GlobalSection(SolutionProperties) = preSolution
		HideSolutionNode = FALSE
	EndGlobalSection
	GlobalSection(ExtensibilityGlobals) = postSolution
		SolutionGuid = {3395079F-2460-4DB3-88E8-C17590EA2E46}
	EndGlobalSection
EndGlobal
